
Microsoft Visual Studio Solution File, Format Version 12.00
# Visual Studio 2013
VisualStudioVersion = 12.0.30723.0
MinimumVisualStudioVersion = 10.0.40219.1
Project("{FAE04EC0-301F-11D3-BF4B-00C04F79EFBC}") = "AnalizadorLexico.Library", "AnalizadorLexico.Library\AnalizadorLexico.Library.csproj", "{3108171C-9D41-410D-85C3-89F2998AFA36}"
EndProject
Project("{FAE04EC0-301F-11D3-BF4B-00C04F79EFBC}") = "AnalizadorLexico.Console", "AnalizadorLexico.Console\AnalizadorLexico.Console.csproj", "{D55822F3-E70A-40F0-9399-B1FE245D1730}"
EndProject
Global
	GlobalSection(SolutionConfigurationPlatforms) = preSolution
		Debug|Any CPU = Debug|Any CPU
		Release|Any CPU = Release|Any CPU
	EndGlobalSection
	GlobalSection(ProjectConfigurationPlatforms) = postSolution
		{3108171C-9D41-410D-85C3-89F2998AFA36}.Debug|Any CPU.ActiveCfg = Debug|Any CPU
		{3108171C-9D41-410D-85C3-89F2998AFA36}.Debug|Any CPU.Build.0 = Debug|Any CPU
		{3108171C-9D41-410D-85C3-89F2998AFA36}.Release|Any CPU.ActiveCfg = Release|Any CPU
		{3108171C-9D41-410D-85C3-89F2998AFA36}.Release|Any CPU.Build.0 = Release|Any CPU
		{D55822F3-E70A-40F0-9399-B1FE245D1730}.Debug|Any CPU.ActiveCfg = Debug|Any CPU
		{D55822F3-E70A-40F0-9399-B1FE245D1730}.Debug|Any CPU.Build.0 = Debug|Any CPU
		{D55822F3-E70A-40F0-9399-B1FE245D1730}.Release|Any CPU.ActiveCfg = Release|Any CPU
		{D55822F3-E70A-40F0-9399-B1FE245D1730}.Release|Any CPU.Build.0 = Release|Any CPU
	EndGlobalSection
	GlobalSection(SolutionProperties) = preSolution
		HideSolutionNode = FALSE
	EndGlobalSection
EndGlobal
